
Microsoft Visual Studio Solution File, Format Version 10.00
# Visual Studio 2008
Project("{FAE04EC0-301F-11D3-BF4B-00C04F79EFBC}") = "CodeBuilder", "CodeBuilder\CodeBuilder.csproj", "{A9EB47E5-F80F-4501-B0FC-32DA440F4148}"
EndProject
Global
	GlobalSection(SolutionConfigurationPlatforms) = preSolution
		Debug|Any CPU = Debug|Any CPU
		Release|Any CPU = Release|Any CPU
	EndGlobalSection
	GlobalSection(ProjectConfigurationPlatforms) = postSolution
		{A9EB47E5-F80F-4501-B0FC-32DA440F4148}.Debug|Any CPU.ActiveCfg = Debug|Any CPU
		{A9EB47E5-F80F-4501-B0FC-32DA440F4148}.Debug|Any CPU.Build.0 = Debug|Any CPU
		{A9EB47E5-F80F-4501-B0FC-32DA440F4148}.Release|Any CPU.ActiveCfg = Release|Any CPU
		{A9EB47E5-F80F-4501-B0FC-32DA440F4148}.Release|Any CPU.Build.0 = Release|Any CPU
	EndGlobalSection
	GlobalSection(SolutionProperties) = preSolution
		HideSolutionNode = FALSE
	EndGlobalSection
EndGlobal
